
Microsoft Visual Studio Solution File, Format Version 12.00
# Visual Studio Version 17
VisualStudioVersion = 17.3.32819.101
MinimumVisualStudioVersion = 10.0.40219.1
Project("{FAE04EC0-301F-11D3-BF4B-00C04F79EFBC}") = "HomeWork15", "HomeWork15\HomeWork15.csproj", "{C0CA1234-5E02-49BE-8C84-ED7F299FBF4C}"
EndProject
Global
	GlobalSection(SolutionConfigurationPlatforms) = preSolution
		Debug|Any CPU = Debug|Any CPU
		Release|Any CPU = Release|Any CPU
	EndGlobalSection
	GlobalSection(ProjectConfigurationPlatforms) = postSolution
		{C0CA1234-5E02-49BE-8C84-ED7F299FBF4C}.Debug|Any CPU.ActiveCfg = Debug|Any CPU
		{C0CA1234-5E02-49BE-8C84-ED7F299FBF4C}.Debug|Any CPU.Build.0 = Debug|Any CPU
		{C0CA1234-5E02-49BE-8C84-ED7F299FBF4C}.Release|Any CPU.ActiveCfg = Release|Any CPU
		{C0CA1234-5E02-49BE-8C84-ED7F299FBF4C}.Release|Any CPU.Build.0 = Release|Any CPU
	EndGlobalSection
	GlobalSection(SolutionProperties) = preSolution
		HideSolutionNode = FALSE
	EndGlobalSection
	GlobalSection(ExtensibilityGlobals) = postSolution
		SolutionGuid = {ABE7BA45-AE9D-43D4-9BEC-AC652617C036}
	EndGlobalSection
EndGlobal
